// !$*UTF8*$!
{
	archiveVersion = 1;
	classes = {
	};
	objectVersion = 46;
	objects = {

/* Begin PBXBuildFile section */
		EE0391CB1A2CDAF900FDA3DC /* Data.swift in Sources */ = {isa = PBXBuildFile; fileRef = EE0391CA1A2CDAF900FDA3DC /* Data.swift */; };
		EE9BE8201A2DD51E0079EE7D /* myCell.swift in Sources */ = {isa = PBXBuildFile; fileRef = EE9BE81F1A2DD51E0079EE7D /* myCell.swift */; };
		EE9D00001A2B423C00492167 /* Main.storyboard in Resources */ = {isa = PBXBuildFile; fileRef = EE9DFFFE1A2B423C00492167 /* Main.storyboard */; };
		EE9D00021A2B423C00492167 /* Images.xcassets in Resources */ = {isa = PBXBuildFile; fileRef = EE9D00011A2B423C00492167 /* Images.xcassets */; };
		EE9D00051A2B423C00492167 /* LaunchScreen.xib in Resources */ = {isa = PBXBuildFile; fileRef = EE9D00031A2B423C00492167 /* LaunchScreen.xib */; };
		EE9D00111A2B423D00492167 /* betaTests.swift in Sources */ = {isa = PBXBuildFile; fileRef = EE9D00101A2B423D00492167 /* betaTests.swift */; };
		EE9D001B1A2B426100492167 /* no_photo.png in Resources */ = {isa = PBXBuildFile; fileRef = EE9D001A1A2B426100492167 /* no_photo.png */; };
		EE9D001E1A2B426800492167 /* beds.png in Resources */ = {isa = PBXBuildFile; fileRef = EE9D001C1A2B426800492167 /* beds.png */; };
		EE9D001F1A2B426800492167 /* bedsportrait.png in Resources */ = {isa = PBXBuildFile; fileRef = EE9D001D1A2B426800492167 /* bedsportrait.png */; };
		EE9D00211A2B450300492167 /* seasonViewController.swift in Sources */ = {isa = PBXBuildFile; fileRef = EE9D00201A2B450300492167 /* seasonViewController.swift */; };
		EE9D00231A2B451500492167 /* masterTableViewController.swift in Sources */ = {isa = PBXBuildFile; fileRef = EE9D00221A2B451500492167 /* masterTableViewController.swift */; };
		EE9D00251A2B483400492167 /* additionViewController.swift in Sources */ = {isa = PBXBuildFile; fileRef = EE9D00241A2B483400492167 /* additionViewController.swift */; };
		EE9D00271A2B7C9400492167 /* cropsTableViewController.swift in Sources */ = {isa = PBXBuildFile; fileRef = EE9D00261A2B7C9400492167 /* cropsTableViewController.swift */; };
		EE9D00291A2B7CDD00492167 /* cropsViewController.swift in Sources */ = {isa = PBXBuildFile; fileRef = EE9D00281A2B7CDD00492167 /* cropsViewController.swift */; };
		EE9DFFF81A2B423C00492167 /* AppDelegate.swift in Sources */ = {isa = PBXBuildFile; fileRef = EE9DFFF71A2B423C00492167 /* AppDelegate.swift */; };
		EE9DFFFB1A2B423C00492167 /* beta.xcdatamodeld in Sources */ = {isa = PBXBuildFile; fileRef = EE9DFFF91A2B423C00492167 /* beta.xcdatamodeld */; };
		EE9DFFFD1A2B423C00492167 /* ViewController.swift in Sources */ = {isa = PBXBuildFile; fileRef = EE9DFFFC1A2B423C00492167 /* ViewController.swift */; };
		EED647191A2F849B00079D81 /* 120.png in Resources */ = {isa = PBXBuildFile; fileRef = EED647181A2F849B00079D81 /* 120.png */; };
		EED6471C1A2F849F00079D81 /* 80.png in Resources */ = {isa = PBXBuildFile; fileRef = EED6471A1A2F849F00079D81 /* 80.png */; };
		EED6471D1A2F849F00079D81 /* 58.png in Resources */ = {isa = PBXBuildFile; fileRef = EED6471B1A2F849F00079D81 /* 58.png */; };
/* End PBXBuildFile section */

/* Begin PBXContainerItemProxy section */
		EE9D000B1A2B423D00492167 /* PBXContainerItemProxy */ = {
			isa = PBXContainerItemProxy;
			containerPortal = EE9DFFEA1A2B423C00492167 /* Project object */;
			proxyType = 1;
			remoteGlobalIDString = EE9DFFF11A2B423C00492167;
			remoteInfo = beta;
		};
/* End PBXContainerItemProxy section */

/* Begin PBXFileReference section */
		EE0391CA1A2CDAF900FDA3DC /* Data.swift */ = {isa = PBXFileReference; fileEncoding = 4; lastKnownFileType = sourcecode.swift; path = Data.swift; sourceTree = "<group>"; };
		EE9BE81F1A2DD51E0079EE7D /* myCell.swift */ = {isa = PBXFileReference; fileEncoding = 4; lastKnownFileType = sourcecode.swift; name = myCell.swift; path = ../myCell.swift; sourceTree = "<group>"; };
		EE9D00011A2B423C00492167 /* Images.xcassets */ = {isa = PBXFileReference; lastKnownFileType = folder.assetcatalog; path = Images.xcassets; sourceTree = "<group>"; };
		EE9D00041A2B423C00492167 /* Base */ = {isa = PBXFileReference; lastKnownFileType = file.xib; name = Base; path = Base.lproj/LaunchScreen.xib; sourceTree = "<group>"; };
		EE9D000A1A2B423D00492167 /* betaTests.xctest */ = {isa = PBXFileReference; explicitFileType = wrapper.cfbundle; includeInIndex = 0; path = betaTests.xctest; sourceTree = BUILT_PRODUCTS_DIR; };
		EE9D000F1A2B423D00492167 /* Info.plist */ = {isa = PBXFileReference; lastKnownFileType = text.plist.xml; path = Info.plist; sourceTree = "<group>"; };
		EE9D00101A2B423D00492167 /* betaTests.swift */ = {isa = PBXFileReference; lastKnownFileType = sourcecode.swift; path = betaTests.swift; sourceTree = "<group>"; };
		EE9D001A1A2B426100492167 /* no_photo.png */ = {isa = PBXFileReference; lastKnownFileType = image.png; path = no_photo.png; sourceTree = "<group>"; };
		EE9D001C1A2B426800492167 /* beds.png */ = {isa = PBXFileReference; lastKnownFileType = image.png; path = beds.png; sourceTree = "<group>"; };
		EE9D001D1A2B426800492167 /* bedsportrait.png */ = {isa = PBXFileReference; lastKnownFileType = image.png; path = bedsportrait.png; sourceTree = "<group>"; };
		EE9D00201A2B450300492167 /* seasonViewController.swift */ = {isa = PBXFileReference; fileEncoding = 4; lastKnownFileType = sourcecode.swift; name = seasonViewController.swift; path = ../seasonViewController.swift; sourceTree = "<group>"; };
		EE9D00221A2B451500492167 /* masterTableViewController.swift */ = {isa = PBXFileReference; fileEncoding = 4; lastKnownFileType = sourcecode.swift; name = masterTableViewController.swift; path = ../masterTableViewController.swift; sourceTree = "<group>"; };
		EE9D00241A2B483400492167 /* additionViewController.swift */ = {isa = PBXFileReference; fileEncoding = 4; lastKnownFileType = sourcecode.swift; name = additionViewController.swift; path = ../additionViewController.swift; sourceTree = "<group>"; };
		EE9D00261A2B7C9400492167 /* cropsTableViewController.swift */ = {isa = PBXFileReference; fileEncoding = 4; lastKnownFileType = sourcecode.swift; name = cropsTableViewController.swift; path = ../cropsTableViewController.swift; sourceTree = "<group>"; };
		EE9D00281A2B7CDD00492167 /* cropsViewController.swift */ = {isa = PBXFileReference; fileEncoding = 4; lastKnownFileType = sourcecode.swift; name = cropsViewController.swift; path = ../cropsViewController.swift; sourceTree = "<group>"; };
		EE9DFFF21A2B423C00492167 /* beta.app */ = {isa = PBXFileReference; explicitFileType = wrapper.application; includeInIndex = 0; path = beta.app; sourceTree = BUILT_PRODUCTS_DIR; };
		EE9DFFF61A2B423C00492167 /* Info.plist */ = {isa = PBXFileReference; lastKnownFileType = text.plist.xml; path = Info.plist; sourceTree = "<group>"; };
		EE9DFFF71A2B423C00492167 /* AppDelegate.swift */ = {isa = PBXFileReference; lastKnownFileType = sourcecode.swift; path = AppDelegate.swift; sourceTree = "<group>"; };
		EE9DFFFA1A2B423C00492167 /* beta.xcdatamodel */ = {isa = PBXFileReference; lastKnownFileType = wrapper.xcdatamodel; path = beta.xcdatamodel; sourceTree = "<group>"; };
		EE9DFFFC1A2B423C00492167 /* ViewController.swift */ = {isa = PBXFileReference; lastKnownFileType = sourcecode.swift; path = ViewController.swift; sourceTree = "<group>"; };
		EE9DFFFF1A2B423C00492167 /* Base */ = {isa = PBXFileReference; lastKnownFileType = file.storyboard; name = Base; path = Base.lproj/Main.storyboard; sourceTree = "<group>"; };
		EED647181A2F849B00079D81 /* 120.png */ = {isa = PBXFileReference; lastKnownFileType = image.png; path = 120.png; sourceTree = "<group>"; };
		EED6471A1A2F849F00079D81 /* 80.png */ = {isa = PBXFileReference; lastKnownFileType = image.png; path = 80.png; sourceTree = "<group>"; };
		EED6471B1A2F849F00079D81 /* 58.png */ = {isa = PBXFileReference; lastKnownFileType = image.png; path = 58.png; sourceTree = "<group>"; };
/* End PBXFileReference section */

/* Begin PBXFrameworksBuildPhase section */
		EE9D00071A2B423D00492167 /* Frameworks */ = {
			isa = PBXFrameworksBuildPhase;
			buildActionMask = 2147483647;
			files = (
			);
			runOnlyForDeploymentPostprocessing = 0;
		};
		EE9DFFEF1A2B423C00492167 /* Frameworks */ = {
			isa = PBXFrameworksBuildPhase;
			buildActionMask = 2147483647;
			files = (
			);
			runOnlyForDeploymentPostprocessing = 0;
		};
/* End PBXFrameworksBuildPhase section */

/* Begin PBXGroup section */
		EE9D000D1A2B423D00492167 /* betaTests */ = {
			isa = PBXGroup;
			children = (
				EE9D00101A2B423D00492167 /* betaTests.swift */,
				EE9D000E1A2B423D00492167 /* Supporting Files */,
			);
			path = betaTests;
			sourceTree = "<group>";
		};
		EE9D000E1A2B423D00492167 /* Supporting Files */ = {
			isa = PBXGroup;
			children = (
				EE9D000F1A2B423D00492167 /* Info.plist */,
			);
			name = "Supporting Files";
			sourceTree = "<group>";
		};
		EE9DFFE91A2B423C00492167 = {
			isa = PBXGroup;
			children = (
				EE9DFFFE1A2B423C00492167 /* Main.storyboard */,
				EE9DFFF41A2B423C00492167 /* beta */,
				EE9D000D1A2B423D00492167 /* betaTests */,
				EE9DFFF31A2B423C00492167 /* Products */,
			);
			sourceTree = "<group>";
		};
		EE9DFFF31A2B423C00492167 /* Products */ = {
			isa = PBXGroup;
			children = (
				EE9DFFF21A2B423C00492167 /* beta.app */,
				EE9D000A1A2B423D00492167 /* betaTests.xctest */,
			);
			name = Products;
			sourceTree = "<group>";
		};
		EE9DFFF41A2B423C00492167 /* beta */ = {
			isa = PBXGroup;
			children = (
				EE9BE81F1A2DD51E0079EE7D /* myCell.swift */,
				EE9D00281A2B7CDD00492167 /* cropsViewController.swift */,
				EE9D00261A2B7C9400492167 /* cropsTableViewController.swift */,
				EE9D00241A2B483400492167 /* additionViewController.swift */,
				EE9D00221A2B451500492167 /* masterTableViewController.swift */,
				EE9D00201A2B450300492167 /* seasonViewController.swift */,
				EE9DFFF71A2B423C00492167 /* AppDelegate.swift */,
				EE9DFFFC1A2B423C00492167 /* ViewController.swift */,
				EE9D00011A2B423C00492167 /* Images.xcassets */,
				EE9D00031A2B423C00492167 /* LaunchScreen.xib */,
				EE9DFFF91A2B423C00492167 /* beta.xcdatamodeld */,
				EE0391CA1A2CDAF900FDA3DC /* Data.swift */,
				EE9DFFF51A2B423C00492167 /* Supporting Files */,
			);
			path = beta;
			sourceTree = "<group>";
		};
		EE9DFFF51A2B423C00492167 /* Supporting Files */ = {
			isa = PBXGroup;
			children = (
				EED6471A1A2F849F00079D81 /* 80.png */,
				EED6471B1A2F849F00079D81 /* 58.png */,
				EED647181A2F849B00079D81 /* 120.png */,
				EE9D001C1A2B426800492167 /* beds.png */,
				EE9D001D1A2B426800492167 /* bedsportrait.png */,
				EE9D001A1A2B426100492167 /* no_photo.png */,
				EE9DFFF61A2B423C00492167 /* Info.plist */,
			);
			name = "Supporting Files";
			sourceTree = "<group>";
		};
/* End PBXGroup section */

/* Begin PBXNativeTarget section */
		EE9D00091A2B423D00492167 /* betaTests */ = {
			isa = PBXNativeTarget;
			buildConfigurationList = EE9D00171A2B423D00492167 /* Build configuration list for PBXNativeTarget "betaTests" */;
			buildPhases = (
				EE9D00061A2B423D00492167 /* Sources */,
				EE9D00071A2B423D00492167 /* Frameworks */,
				EE9D00081A2B423D00492167 /* Resources */,
			);
			buildRules = (
			);
			dependencies = (
				EE9D000C1A2B423D00492167 /* PBXTargetDependency */,
			);
			name = betaTests;
			productName = betaTests;
			productReference = EE9D000A1A2B423D00492167 /* betaTests.xctest */;
			productType = "com.apple.product-type.bundle.unit-test";
		};
		EE9DFFF11A2B423C00492167 /* beta */ = {
			isa = PBXNativeTarget;
			buildConfigurationList = EE9D00141A2B423D00492167 /* Build configuration list for PBXNativeTarget "beta" */;
			buildPhases = (
				EE9DFFEE1A2B423C00492167 /* Sources */,
				EE9DFFEF1A2B423C00492167 /* Frameworks */,
				EE9DFFF01A2B423C00492167 /* Resources */,
			);
			buildRules = (
			);
			dependencies = (
			);
			name = beta;
			productName = beta;
			productReference = EE9DFFF21A2B423C00492167 /* beta.app */;
			productType = "com.apple.product-type.application";
		};
/* End PBXNativeTarget section */

/* Begin PBXProject section */
		EE9DFFEA1A2B423C00492167 /* Project object */ = {
			isa = PBXProject;
			attributes = {
				LastUpgradeCheck = 0610;
				ORGANIZATIONNAME = "CHRIS WARNER";
				TargetAttributes = {
					EE9D00091A2B423D00492167 = {
						CreatedOnToolsVersion = 6.1;
						TestTargetID = EE9DFFF11A2B423C00492167;
					};
					EE9DFFF11A2B423C00492167 = {
						CreatedOnToolsVersion = 6.1;
						DevelopmentTeam = DR5D8KLYA9;
					};
				};
			};
			buildConfigurationList = EE9DFFED1A2B423C00492167 /* Build configuration list for PBXProject "beta" */;
			compatibilityVersion = "Xcode 3.2";
			developmentRegion = English;
			hasScannedForEncodings = 0;
			knownRegions = (
				en,
				Base,
			);
			mainGroup = EE9DFFE91A2B423C00492167;
			productRefGroup = EE9DFFF31A2B423C00492167 /* Products */;
			projectDirPath = "";
			projectRoot = "";
			targets = (
				EE9DFFF11A2B423C00492167 /* beta */,
				EE9D00091A2B423D00492167 /* betaTests */,
			);
		};
/* End PBXProject section */

/* Begin PBXResourcesBuildPhase section */
		EE9D00081A2B423D00492167 /* Resources */ = {
			isa = PBXResourcesBuildPhase;
			buildActionMask = 2147483647;
			files = (
			);
			runOnlyForDeploymentPostprocessing = 0;
		};
		EE9DFFF01A2B423C00492167 /* Resources */ = {
			isa = PBXResourcesBuildPhase;
			buildActionMask = 2147483647;
			files = (
				EE9D001F1A2B426800492167 /* bedsportrait.png in Resources */,
				EED6471C1A2F849F00079D81 /* 80.png in Resources */,
				EE9D00001A2B423C00492167 /* Main.storyboard in Resources */,
				EE9D001E1A2B426800492167 /* beds.png in Resources */,
				EED6471D1A2F849F00079D81 /* 58.png in Resources */,
				EE9D001B1A2B426100492167 /* no_photo.png in Resources */,
				EED647191A2F849B00079D81 /* 120.png in Resources */,
				EE9D00051A2B423C00492167 /* LaunchScreen.xib in Resources */,
				EE9D00021A2B423C00492167 /* Images.xcassets in Resources */,
			);
			runOnlyForDeploymentPostprocessing = 0;
		};
/* End PBXResourcesBuildPhase section */

/* Begin PBXSourcesBuildPhase section */
		EE9D00061A2B423D00492167 /* Sources */ = {
			isa = PBXSourcesBuildPhase;
			buildActionMask = 2147483647;
			files = (
				EE9D00111A2B423D00492167 /* betaTests.swift in Sources */,
			);
			runOnlyForDeploymentPostprocessing = 0;
		};
		EE9DFFEE1A2B423C00492167 /* Sources */ = {
			isa = PBXSourcesBuildPhase;
			buildActionMask = 2147483647;
			files = (
				EE9DFFFD1A2B423C00492167 /* ViewController.swift in Sources */,
				EE9D00231A2B451500492167 /* masterTableViewController.swift in Sources */,
				EE9D00291A2B7CDD00492167 /* cropsViewController.swift in Sources */,
				EE9D00211A2B450300492167 /* seasonViewController.swift in Sources */,
				EE9DFFF81A2B423C00492167 /* AppDelegate.swift in Sources */,
				EE9D00251A2B483400492167 /* additionViewController.swift in Sources */,
				EE9D00271A2B7C9400492167 /* cropsTableViewController.swift in Sources */,
				EE9BE8201A2DD51E0079EE7D /* myCell.swift in Sources */,
				EE0391CB1A2CDAF900FDA3DC /* Data.swift in Sources */,
				EE9DFFFB1A2B423C00492167 /* beta.xcdatamodeld in Sources */,
			);
			runOnlyForDeploymentPostprocessing = 0;
		};
/* End PBXSourcesBuildPhase section */

/* Begin PBXTargetDependency section */
		EE9D000C1A2B423D00492167 /* PBXTargetDependency */ = {
			isa = PBXTargetDependency;
			target = EE9DFFF11A2B423C00492167 /* beta */;
			targetProxy = EE9D000B1A2B423D00492167 /* PBXContainerItemProxy */;
		};
/* End PBXTargetDependency section */

/* Begin PBXVariantGroup section */
		EE9D00031A2B423C00492167 /* LaunchScreen.xib */ = {
			isa = PBXVariantGroup;
			children = (
				EE9D00041A2B423C00492167 /* Base */,
			);
			name = LaunchScreen.xib;
			sourceTree = "<group>";
		};
		EE9DFFFE1A2B423C00492167 /* Main.storyboard */ = {
			isa = PBXVariantGroup;
			children = (
				EE9DFFFF1A2B423C00492167 /* Base */,
			);
			name = Main.storyboard;
			path = beta;
			sourceTree = "<group>";
		};
/* End PBXVariantGroup section */

/* Begin XCBuildConfiguration section */
		EE9D00121A2B423D00492167 /* Debug */ = {
			isa = XCBuildConfiguration;
			buildSettings = {
				ALWAYS_SEARCH_USER_PATHS = NO;
				CLANG_CXX_LANGUAGE_STANDARD = "gnu++0x";
				CLANG_CXX_LIBRARY = "libc++";
				CLANG_ENABLE_MODULES = YES;
				CLANG_ENABLE_OBJC_ARC = YES;
				CLANG_WARN_BOOL_CONVERSION = YES;
				CLANG_WARN_CONSTANT_CONVERSION = YES;
				CLANG_WARN_DIRECT_OBJC_ISA_USAGE = YES_ERROR;
				CLANG_WARN_EMPTY_BODY = YES;
				CLANG_WARN_ENUM_CONVERSION = YES;
				CLANG_WARN_INT_CONVERSION = YES;
				CLANG_WARN_OBJC_ROOT_CLASS = YES_ERROR;
				CLANG_WARN_UNREACHABLE_CODE = YES;
				CLANG_WARN__DUPLICATE_METHOD_MATCH = YES;
				"CODE_SIGN_IDENTITY[sdk=iphoneos*]" = "iPhone Developer";
				COPY_PHASE_STRIP = NO;
				ENABLE_STRICT_OBJC_MSGSEND = YES;
				GCC_C_LANGUAGE_STANDARD = gnu99;
				GCC_DYNAMIC_NO_PIC = NO;
				GCC_OPTIMIZATION_LEVEL = 0;
				GCC_PREPROCESSOR_DEFINITIONS = (
					"DEBUG=1",
					"$(inherited)",
				);
				GCC_SYMBOLS_PRIVATE_EXTERN = NO;
				GCC_WARN_64_TO_32_BIT_CONVERSION = YES;
				GCC_WARN_ABOUT_RETURN_TYPE = YES_ERROR;
				GCC_WARN_UNDECLARED_SELECTOR = YES;
				GCC_WARN_UNINITIALIZED_AUTOS = YES_AGGRESSIVE;
				GCC_WARN_UNUSED_FUNCTION = YES;
				GCC_WARN_UNUSED_VARIABLE = YES;
				IPHONEOS_DEPLOYMENT_TARGET = 8.1;
				MTL_ENABLE_DEBUG_INFO = YES;
				ONLY_ACTIVE_ARCH = YES;
				SDKROOT = iphoneos;
				SWIFT_OPTIMIZATION_LEVEL = "-Onone";
				TARGETED_DEVICE_FAMILY = "1,2";
			};
			name = Debug;
		};
		EE9D00131A2B423D00492167 /* Release */ = {
			isa = XCBuildConfiguration;
			buildSettings = {
				ALWAYS_SEARCH_USER_PATHS = NO;
				CLANG_CXX_LANGUAGE_STANDARD = "gnu++0x";
				CLANG_CXX_LIBRARY = "libc++";
				CLANG_ENABLE_MODULES = YES;
				CLANG_ENABLE_OBJC_ARC = YES;
				CLANG_WARN_BOOL_CONVERSION = YES;
				CLANG_WARN_CONSTANT_CONVERSION = YES;
				CLANG_WARN_DIRECT_OBJC_ISA_USAGE = YES_ERROR;
				CLANG_WARN_EMPTY_BODY = YES;
				CLANG_WARN_ENUM_CONVERSION = YES;
				CLANG_WARN_INT_CONVERSION = YES;
				CLANG_WARN_OBJC_ROOT_CLASS = YES_ERROR;
				CLANG_WARN_UNREACHABLE_CODE = YES;
				CLANG_WARN__DUPLICATE_METHOD_MATCH = YES;
				"CODE_SIGN_IDENTITY[sdk=iphoneos*]" = "iPhone Developer";
				COPY_PHASE_STRIP = YES;
				ENABLE_NS_ASSERTIONS = NO;
				ENABLE_STRICT_OBJC_MSGSEND = YES;
				GCC_C_LANGUAGE_STANDARD = gnu99;
				GCC_WARN_64_TO_32_BIT_CONVERSION = YES;
				GCC_WARN_ABOUT_RETURN_TYPE = YES_ERROR;
				GCC_WARN_UNDECLARED_SELECTOR = YES;
				GCC_WARN_UNINITIALIZED_AUTOS = YES_AGGRESSIVE;
				GCC_WARN_UNUSED_FUNCTION = YES;
				GCC_WARN_UNUSED_VARIABLE = YES;
				IPHONEOS_DEPLOYMENT_TARGET = 8.1;
				MTL_ENABLE_DEBUG_INFO = NO;
				SDKROOT = iphoneos;
				TARGETED_DEVICE_FAMILY = "1,2";
				VALIDATE_PRODUCT = YES;
			};
			name = Release;
		};
		EE9D00151A2B423D00492167 /* Debug */ = {
			isa = XCBuildConfiguration;
			buildSettings = {
				ASSETCATALOG_COMPILER_APPICON_NAME = AppIcon;
				CODE_SIGN_IDENTITY = "iPhone Developer";
				INFOPLIST_FILE = beta/Info.plist;
				LD_RUNPATH_SEARCH_PATHS = "$(inherited) @executable_path/Frameworks";
				PRODUCT_NAME = "$(TARGET_NAME)";
				TARGETED_DEVICE_FAMILY = 1;
			};
			name = Debug;
		};
		EE9D00161A2B423D00492167 /* Release */ = {
			isa = XCBuildConfiguration;
			buildSettings = {
				ASSETCATALOG_COMPILER_APPICON_NAME = AppIcon;
				CODE_SIGN_IDENTITY = "iPhone Developer";
				INFOPLIST_FILE = beta/Info.plist;
				LD_RUNPATH_SEARCH_PATHS = "$(inherited) @executable_path/Frameworks";
				PRODUCT_NAME = "$(TARGET_NAME)";
				TARGETED_DEVICE_FAMILY = 1;
			};
			name = Release;
		};
		EE9D00181A2B423D00492167 /* Debug */ = {
			isa = XCBuildConfiguration;
			buildSettings = {
				BUNDLE_LOADER = "$(TEST_HOST)";
				FRAMEWORK_SEARCH_PATHS = (
					"$(SDKROOT)/Developer/Library/Frameworks",
					"$(inherited)",
				);
				GCC_PREPROCESSOR_DEFINITIONS = (
					"DEBUG=1",
					"$(inherited)",
				);
				INFOPLIST_FILE = betaTests/Info.plist;
				LD_RUNPATH_SEARCH_PATHS = "$(inherited) @executable_path/Frameworks @loader_path/Frameworks";
				PRODUCT_NAME = "$(TARGET_NAME)";
				TEST_HOST = "$(BUILT_PRODUCTS_DIR)/beta.app/beta";
			};
			name = Debug;
		};
		EE9D00191A2B423D00492167 /* Release */ = {
			isa = XCBuildConfiguration;
			buildSettings = {
				BUNDLE_LOADER = "$(TEST_HOST)";
				FRAMEWORK_SEARCH_PATHS = (
					"$(SDKROOT)/Developer/Library/Frameworks",
					"$(inherited)",
				);
				INFOPLIST_FILE = betaTests/Info.plist;
				LD_RUNPATH_SEARCH_PATHS = "$(inherited) @executable_path/Frameworks @loader_path/Frameworks";
				PRODUCT_NAME = "$(TARGET_NAME)";
				TEST_HOST = "$(BUILT_PRODUCTS_DIR)/beta.app/beta";
			};
			name = Release;
		};
/* End XCBuildConfiguration section */

/* Begin XCConfigurationList section */
		EE9D00141A2B423D00492167 /* Build configuration list for PBXNativeTarget "beta" */ = {
			isa = XCConfigurationList;
			buildConfigurations = (
				EE9D00151A2B423D00492167 /* Debug */,
				EE9D00161A2B423D00492167 /* Release */,
			);
			defaultConfigurationIsVisible = 0;
			defaultConfigurationName = Release;
		};
		EE9D00171A2B423D00492167 /* Build configuration list for PBXNativeTarget "betaTests" */ = {
			isa = XCConfigurationList;
			buildConfigurations = (
				EE9D00181A2B423D00492167 /* Debug */,
				EE9D00191A2B423D00492167 /* Release */,
			);
			defaultConfigurationIsVisible = 0;
			defaultConfigurationName = Release;
		};
		EE9DFFED1A2B423C00492167 /* Build configuration list for PBXProject "beta" */ = {
			isa = XCConfigurationList;
			buildConfigurations = (
				EE9D00121A2B423D00492167 /* Debug */,
				EE9D00131A2B423D00492167 /* Release */,
			);
			defaultConfigurationIsVisible = 0;
			defaultConfigurationName = Release;
		};
/* End XCConfigurationList section */

/* Begin XCVersionGroup section */
		EE9DFFF91A2B423C00492167 /* beta.xcdatamodeld */ = {
			isa = XCVersionGroup;
			children = (
				EE9DFFFA1A2B423C00492167 /* beta.xcdatamodel */,
			);
			currentVersion = EE9DFFFA1A2B423C00492167 /* beta.xcdatamodel */;
			path = beta.xcdatamodeld;
			sourceTree = "<group>";
			versionGroupType = wrapper.xcdatamodel;
		};
/* End XCVersionGroup section */
	};
	rootObject = EE9DFFEA1A2B423C00492167 /* Project object */;
}
